
Microsoft Visual Studio Solution File, Format Version 12.00
# Visual Studio Version 17
VisualStudioVersion = 17.1.32210.238
MinimumVisualStudioVersion = 10.0.40219.1
Project("{FAE04EC0-301F-11D3-BF4B-00C04F79EFBC}") = "DataGridUsuarios", "DataGridUsuarios.csproj", "{7B11A2BF-B9B4-43A5-AE17-7B742F8FF6CD}"
EndProject
Global
	GlobalSection(SolutionConfigurationPlatforms) = preSolution
		Debug|Any CPU = Debug|Any CPU
		Release|Any CPU = Release|Any CPU
	EndGlobalSection
	GlobalSection(ProjectConfigurationPlatforms) = postSolution
		{7B11A2BF-B9B4-43A5-AE17-7B742F8FF6CD}.Debug|Any CPU.ActiveCfg = Debug|Any CPU
		{7B11A2BF-B9B4-43A5-AE17-7B742F8FF6CD}.Debug|Any CPU.Build.0 = Debug|Any CPU
		{7B11A2BF-B9B4-43A5-AE17-7B742F8FF6CD}.Release|Any CPU.ActiveCfg = Release|Any CPU
		{7B11A2BF-B9B4-43A5-AE17-7B742F8FF6CD}.Release|Any CPU.Build.0 = Release|Any CPU
	EndGlobalSection
	GlobalSection(SolutionProperties) = preSolution
		HideSolutionNode = FALSE
	EndGlobalSection
	GlobalSection(ExtensibilityGlobals) = postSolution
		SolutionGuid = {2F87DB08-FFC5-43D9-897F-64C6FDB17D2F}
	EndGlobalSection
EndGlobal
